<Solution>
  <Folder Name="/src/">
    <Project Path="src/HammerspoonWin.App/HammerspoonWin.App.csproj" />
    <Project Path="src/HammerspoonWin.Core/HammerspoonWin.Core.csproj" />
  </Folder>
  <Folder Name="/tests/">
    <Project Path="tests/HammerspoonWin.App.Tests/HammerspoonWin.App.Tests.csproj" />
    <Project Path="tests/HammerspoonWin.Core.Tests/HammerspoonWin.Core.Tests.csproj" />
  </Folder>
</Solution>
