<Solution>
  <Folder Name="/src/">
    <Project Path="src/HsWin.App/HsWin.App.csproj" />
    <Project Path="src/HsWin.Core/HsWin.Core.csproj" />
  </Folder>
  <Folder Name="/tests/">
    <Project Path="tests/HsWin.App.Tests/HsWin.App.Tests.csproj" />
    <Project Path="tests/HsWin.Core.Tests/HsWin.Core.Tests.csproj" />
  </Folder>
</Solution>
